{
  "definition": "./",
  "optionals": [],
  "private": {
    "libraries": [ {
      "definition": "../",
      "hash": "6d6c7982ceab2e7f28c9c0e76ce4fd8bb59c3fb2",
      "name": "Zefiros-Software/mbedTLS",
      "repository": "https://github.com/ARMmbed/mbedtls.git",
      "tag": "HEAD",
      "versionRequirement": "@head"
    } ],
    "modules": [ {
      "definition": "https://github.com/Zefiros-Software/ZefirosDefaults.git",
      "hash": "06075c936e348ee256cf5c05e449ce8d8f32054b",
      "name": "Zefiros-Software/Defaults",
      "public": {
        "libraries": [ {
          "definition": "https://github.com/Zefiros-Software/GoogleTest.git",
          "hash": "a3ac2d7faa9cc6d38d69321f293925f72edf6727",
          "name": "Zefiros-Software/GoogleTest",
          "repository": "https://github.com/google/googletest.git",
          "tag": "release-1.8.0",
          "version": "1.8.0",
          "versionRequirement": "@head || ^1.0.0"
        }, {
          "definition": "https://github.com/Zefiros-Software/GoogleBenchmark.git",
          "hash": "37dbe80f9b190b263f6eb437e93b9c8fa4df2849",
          "name": "Zefiros-Software/GoogleBenchmark",
          "repository": "https://github.com/google/benchmark.git",
          "tag": "HEAD",
          "versionRequirement": "@head"
        } ]
      },
      "repository": "https://github.com/Zefiros-Software/ZefirosDefaults.git",
      "tag": "HEAD",
      "versionRequirement": "@head"
    } ]
  },
  "repository": "./"
}